
Microsoft Visual Studio Solution File, Format Version 12.00
# Visual Studio Version 16
VisualStudioVersion = 16.0.29806.167
MinimumVisualStudioVersion = 10.0.40219.1
Project("{FAE04EC0-301F-11D3-BF4B-00C04F79EFBC}") = "ChuViDienTichTamGiac", "ChuViDienTichTamGiac\ChuViDienTichTamGiac.csproj", "{FBF8D163-E7A2-4675-B4E3-E964AEAF4C80}"
EndProject
Global
	GlobalSection(SolutionConfigurationPlatforms) = preSolution
		Debug|Any CPU = Debug|Any CPU
		Release|Any CPU = Release|Any CPU
	EndGlobalSection
	GlobalSection(ProjectConfigurationPlatforms) = postSolution
		{FBF8D163-E7A2-4675-B4E3-E964AEAF4C80}.Debug|Any CPU.ActiveCfg = Debug|Any CPU
		{FBF8D163-E7A2-4675-B4E3-E964AEAF4C80}.Debug|Any CPU.Build.0 = Debug|Any CPU
		{FBF8D163-E7A2-4675-B4E3-E964AEAF4C80}.Release|Any CPU.ActiveCfg = Release|Any CPU
		{FBF8D163-E7A2-4675-B4E3-E964AEAF4C80}.Release|Any CPU.Build.0 = Release|Any CPU
	EndGlobalSection
	GlobalSection(SolutionProperties) = preSolution
		HideSolutionNode = FALSE
	EndGlobalSection
	GlobalSection(ExtensibilityGlobals) = postSolution
		SolutionGuid = {8727051F-F3A2-45DF-9476-AD7A47E953CB}
	EndGlobalSection
EndGlobal
