
Microsoft Visual Studio Solution File, Format Version 12.00
# Visual Studio Version 16
VisualStudioVersion = 16.0.29806.167
MinimumVisualStudioVersion = 10.0.40219.1
Project("{FAE04EC0-301F-11D3-BF4B-00C04F79EFBC}") = "bai5", "bai5\bai5.csproj", "{6021F0DB-AB3C-46B3-9EE9-529C0655C3DB}"
EndProject
Global
	GlobalSection(SolutionConfigurationPlatforms) = preSolution
		Debug|Any CPU = Debug|Any CPU
		Release|Any CPU = Release|Any CPU
	EndGlobalSection
	GlobalSection(ProjectConfigurationPlatforms) = postSolution
		{6021F0DB-AB3C-46B3-9EE9-529C0655C3DB}.Debug|Any CPU.ActiveCfg = Debug|Any CPU
		{6021F0DB-AB3C-46B3-9EE9-529C0655C3DB}.Debug|Any CPU.Build.0 = Debug|Any CPU
		{6021F0DB-AB3C-46B3-9EE9-529C0655C3DB}.Release|Any CPU.ActiveCfg = Release|Any CPU
		{6021F0DB-AB3C-46B3-9EE9-529C0655C3DB}.Release|Any CPU.Build.0 = Release|Any CPU
	EndGlobalSection
	GlobalSection(SolutionProperties) = preSolution
		HideSolutionNode = FALSE
	EndGlobalSection
	GlobalSection(ExtensibilityGlobals) = postSolution
		SolutionGuid = {762D6C4F-4725-40D2-A037-D34C59E1994D}
	EndGlobalSection
EndGlobal
